// !$*UTF8*$!
{
	archiveVersion = 1;
	classes = {
	};
	objectVersion = 46;
	objects = {

/* Begin PBXBuildFile section */
		EF2C06191AA866F700F00878 /* main.m in Sources */ = {isa = PBXBuildFile; fileRef = EF2C06181AA866F700F00878 /* main.m */; };
		EF2C061C1AA866F700F00878 /* AppDelegate.m in Sources */ = {isa = PBXBuildFile; fileRef = EF2C061B1AA866F700F00878 /* AppDelegate.m */; };
		EF2C061F1AA866F700F00878 /* ViewController.m in Sources */ = {isa = PBXBuildFile; fileRef = EF2C061E1AA866F700F00878 /* ViewController.m */; };
		EF2C06221AA866F700F00878 /* Main.storyboard in Resources */ = {isa = PBXBuildFile; fileRef = EF2C06201AA866F700F00878 /* Main.storyboard */; };
		EF2C06241AA866F700F00878 /* Images.xcassets in Resources */ = {isa = PBXBuildFile; fileRef = EF2C06231AA866F700F00878 /* Images.xcassets */; };
		EF2C06271AA866F700F00878 /* LaunchScreen.xib in Resources */ = {isa = PBXBuildFile; fileRef = EF2C06251AA866F700F00878 /* LaunchScreen.xib */; };
		EF2C06331AA866F800F00878 /* ab_stractTests.m in Sources */ = {isa = PBXBuildFile; fileRef = EF2C06321AA866F800F00878 /* ab_stractTests.m */; };
		EF65196F1AB32163004FFD53 /* about_miniatura_figura.png in Resources */ = {isa = PBXBuildFile; fileRef = EF65196B1AB32163004FFD53 /* about_miniatura_figura.png */; };
		EF6519701AB32163004FFD53 /* about_triangulos.png in Resources */ = {isa = PBXBuildFile; fileRef = EF65196C1AB32163004FFD53 /* about_triangulos.png */; };
		EF6519711AB32163004FFD53 /* home_figura.png in Resources */ = {isa = PBXBuildFile; fileRef = EF65196D1AB32163004FFD53 /* home_figura.png */; };
		EF6519721AB32163004FFD53 /* interior_miniatura_figura_blanco.png in Resources */ = {isa = PBXBuildFile; fileRef = EF65196E1AB32163004FFD53 /* interior_miniatura_figura_blanco.png */; };
		EF6519751AB323A8004FFD53 /* Aurora.otf in Resources */ = {isa = PBXBuildFile; fileRef = EF6519741AB323A8004FFD53 /* Aurora.otf */; };
		EF6519771AB323BB004FFD53 /* Inconsolata.otf in Resources */ = {isa = PBXBuildFile; fileRef = EF6519761AB323BB004FFD53 /* Inconsolata.otf */; };
		EF65197B1AB327FE004FFD53 /* CreditsViewController.m in Sources */ = {isa = PBXBuildFile; fileRef = EF65197A1AB327FE004FFD53 /* CreditsViewController.m */; };
		EF6519811AB32E0C004FFD53 /* miniatura@2x.png in Resources */ = {isa = PBXBuildFile; fileRef = EF6519801AB32E0C004FFD53 /* miniatura@2x.png */; };
		EF6519831AB32E4A004FFD53 /* miniatura_white@2x.png in Resources */ = {isa = PBXBuildFile; fileRef = EF6519821AB32E4A004FFD53 /* miniatura_white@2x.png */; };
		EF6519851AB32EDA004FFD53 /* creditos@2x.png in Resources */ = {isa = PBXBuildFile; fileRef = EF6519841AB32EDA004FFD53 /* creditos@2x.png */; };
		EF6519891AB32FE7004FFD53 /* home_figura_white.png in Resources */ = {isa = PBXBuildFile; fileRef = EF6519881AB32FE7004FFD53 /* home_figura_white.png */; };
		EF785A611AB6E3FF005A8339 /* SoundEffectPlayer.m in Sources */ = {isa = PBXBuildFile; fileRef = EF785A601AB6E3FF005A8339 /* SoundEffectPlayer.m */; };
		EF8A7C961AADA1FD00994771 /* RGBtoLABConverter.m in Sources */ = {isa = PBXBuildFile; fileRef = EF8A7C951AADA1FD00994771 /* RGBtoLABConverter.m */; };
		EF8A7C991AADA60E00994771 /* images.plist in Resources */ = {isa = PBXBuildFile; fileRef = EF8A7C981AADA60E00994771 /* images.plist */; };
		EF8A7CAF1AADA63300994771 /* 885_15.jpg in Resources */ = {isa = PBXBuildFile; fileRef = EF8A7C9B1AADA63300994771 /* 885_15.jpg */; };
		EF8A7CB01AADA63300994771 /* 1657_36.jpg in Resources */ = {isa = PBXBuildFile; fileRef = EF8A7C9C1AADA63300994771 /* 1657_36.jpg */; };
		EF8A7CB11AADA63300994771 /* B 053 B 031.jpg in Resources */ = {isa = PBXBuildFile; fileRef = EF8A7C9D1AADA63300994771 /* B 053 B 031.jpg */; };
		EF8A7CB21AADA63300994771 /* B 053 B 033.jpg in Resources */ = {isa = PBXBuildFile; fileRef = EF8A7C9E1AADA63300994771 /* B 053 B 033.jpg */; };
		EF8A7CB31AADA63300994771 /* B 055 A 003.jpg in Resources */ = {isa = PBXBuildFile; fileRef = EF8A7C9F1AADA63300994771 /* B 055 A 003.jpg */; };
		EF8A7CB41AADA63300994771 /* B 055 A 004.jpg in Resources */ = {isa = PBXBuildFile; fileRef = EF8A7CA01AADA63300994771 /* B 055 A 004.jpg */; };
		EF8A7CB51AADA63300994771 /* B 055 A 005.jpg in Resources */ = {isa = PBXBuildFile; fileRef = EF8A7CA11AADA63300994771 /* B 055 A 005.jpg */; };
		EF8A7CB61AADA63300994771 /* B 055 A 034.jpg in Resources */ = {isa = PBXBuildFile; fileRef = EF8A7CA21AADA63300994771 /* B 055 A 034.jpg */; };
		EF8A7CB71AADA63300994771 /* B 056 A 016.jpg in Resources */ = {isa = PBXBuildFile; fileRef = EF8A7CA31AADA63300994771 /* B 056 A 016.jpg */; };
		EF8A7CB81AADA63300994771 /* B 057 A 004.jpg in Resources */ = {isa = PBXBuildFile; fileRef = EF8A7CA41AADA63300994771 /* B 057 A 004.jpg */; };
		EF8A7CB91AADA63300994771 /* B 057 A 005.jpg in Resources */ = {isa = PBXBuildFile; fileRef = EF8A7CA51AADA63300994771 /* B 057 A 005.jpg */; };
		EF8A7CBA1AADA63300994771 /* B 058 B 030.jpg in Resources */ = {isa = PBXBuildFile; fileRef = EF8A7CA61AADA63300994771 /* B 058 B 030.jpg */; };
		EF8A7CBB1AADA63300994771 /* B 059 A 009.jpg in Resources */ = {isa = PBXBuildFile; fileRef = EF8A7CA71AADA63300994771 /* B 059 A 009.jpg */; };
		EF8A7CBC1AADA63300994771 /* B 059 A 010.jpg in Resources */ = {isa = PBXBuildFile; fileRef = EF8A7CA81AADA63300994771 /* B 059 A 010.jpg */; };
		EF8A7CBD1AADA63300994771 /* B 059 A 011.jpg in Resources */ = {isa = PBXBuildFile; fileRef = EF8A7CA91AADA63300994771 /* B 059 A 011.jpg */; };
		EF8A7CBE1AADA63300994771 /* B 059 A 012.jpg in Resources */ = {isa = PBXBuildFile; fileRef = EF8A7CAA1AADA63300994771 /* B 059 A 012.jpg */; };
		EF8A7CBF1AADA63300994771 /* B 059 A 013.jpg in Resources */ = {isa = PBXBuildFile; fileRef = EF8A7CAB1AADA63300994771 /* B 059 A 013.jpg */; };
		EF8A7CC01AADA63300994771 /* B 059 A 014.jpg in Resources */ = {isa = PBXBuildFile; fileRef = EF8A7CAC1AADA63300994771 /* B 059 A 014.jpg */; };
		EF8A7CC11AADA63300994771 /* B 059 A 015.jpg in Resources */ = {isa = PBXBuildFile; fileRef = EF8A7CAD1AADA63300994771 /* B 059 A 015.jpg */; };
		EF8A7CC21AADA63300994771 /* B 059 A 016.jpg in Resources */ = {isa = PBXBuildFile; fileRef = EF8A7CAE1AADA63300994771 /* B 059 A 016.jpg */; };
		EFFACC6B1AC01F9E0047C6C0 /* eter01.wav in Resources */ = {isa = PBXBuildFile; fileRef = EFFACC5C1AC01F9E0047C6C0 /* eter01.wav */; };
		EFFACC6C1AC01F9E0047C6C0 /* eter02.wav in Resources */ = {isa = PBXBuildFile; fileRef = EFFACC5D1AC01F9E0047C6C0 /* eter02.wav */; };
		EFFACC6D1AC01F9E0047C6C0 /* eter03.wav in Resources */ = {isa = PBXBuildFile; fileRef = EFFACC5E1AC01F9E0047C6C0 /* eter03.wav */; };
		EFFACC6E1AC01F9E0047C6C0 /* eter04.wav in Resources */ = {isa = PBXBuildFile; fileRef = EFFACC5F1AC01F9E0047C6C0 /* eter04.wav */; };
		EFFACC6F1AC01F9E0047C6C0 /* eter05.wav in Resources */ = {isa = PBXBuildFile; fileRef = EFFACC601AC01F9E0047C6C0 /* eter05.wav */; };
		EFFACC701AC01F9E0047C6C0 /* eter06.wav in Resources */ = {isa = PBXBuildFile; fileRef = EFFACC611AC01F9E0047C6C0 /* eter06.wav */; };
		EFFACC711AC01F9E0047C6C0 /* eter07.wav in Resources */ = {isa = PBXBuildFile; fileRef = EFFACC621AC01F9E0047C6C0 /* eter07.wav */; };
		EFFACC721AC01F9E0047C6C0 /* eter08.wav in Resources */ = {isa = PBXBuildFile; fileRef = EFFACC631AC01F9E0047C6C0 /* eter08.wav */; };
		EFFACC731AC01F9E0047C6C0 /* eter09.wav in Resources */ = {isa = PBXBuildFile; fileRef = EFFACC641AC01F9E0047C6C0 /* eter09.wav */; };
		EFFACC741AC01F9E0047C6C0 /* eter10.wav in Resources */ = {isa = PBXBuildFile; fileRef = EFFACC651AC01F9E0047C6C0 /* eter10.wav */; };
		EFFACC751AC01F9E0047C6C0 /* eter11.wav in Resources */ = {isa = PBXBuildFile; fileRef = EFFACC661AC01F9E0047C6C0 /* eter11.wav */; };
		EFFACC761AC01F9E0047C6C0 /* eter12.wav in Resources */ = {isa = PBXBuildFile; fileRef = EFFACC671AC01F9E0047C6C0 /* eter12.wav */; };
		EFFACC771AC01F9E0047C6C0 /* eter13.wav in Resources */ = {isa = PBXBuildFile; fileRef = EFFACC681AC01F9E0047C6C0 /* eter13.wav */; };
		EFFACC781AC01F9E0047C6C0 /* eter14.wav in Resources */ = {isa = PBXBuildFile; fileRef = EFFACC691AC01F9E0047C6C0 /* eter14.wav */; };
		EFFACC791AC01F9E0047C6C0 /* eter15.wav in Resources */ = {isa = PBXBuildFile; fileRef = EFFACC6A1AC01F9E0047C6C0 /* eter15.wav */; };
/* End PBXBuildFile section */

/* Begin PBXContainerItemProxy section */
		EF2C062D1AA866F800F00878 /* PBXContainerItemProxy */ = {
			isa = PBXContainerItemProxy;
			containerPortal = EF2C060B1AA866F700F00878 /* Project object */;
			proxyType = 1;
			remoteGlobalIDString = EF2C06121AA866F700F00878;
			remoteInfo = "ab·stract";
		};
/* End PBXContainerItemProxy section */

/* Begin PBXFileReference section */
		EF2C06131AA866F700F00878 /* ab·stract.app */ = {isa = PBXFileReference; explicitFileType = wrapper.application; includeInIndex = 0; path = "ab·stract.app"; sourceTree = BUILT_PRODUCTS_DIR; };
		EF2C06171AA866F700F00878 /* Info.plist */ = {isa = PBXFileReference; lastKnownFileType = text.plist.xml; path = Info.plist; sourceTree = "<group>"; };
		EF2C06181AA866F700F00878 /* main.m */ = {isa = PBXFileReference; lastKnownFileType = sourcecode.c.objc; path = main.m; sourceTree = "<group>"; };
		EF2C061A1AA866F700F00878 /* AppDelegate.h */ = {isa = PBXFileReference; lastKnownFileType = sourcecode.c.h; path = AppDelegate.h; sourceTree = "<group>"; };
		EF2C061B1AA866F700F00878 /* AppDelegate.m */ = {isa = PBXFileReference; lastKnownFileType = sourcecode.c.objc; path = AppDelegate.m; sourceTree = "<group>"; };
		EF2C061D1AA866F700F00878 /* ViewController.h */ = {isa = PBXFileReference; lastKnownFileType = sourcecode.c.h; path = ViewController.h; sourceTree = "<group>"; };
		EF2C061E1AA866F700F00878 /* ViewController.m */ = {isa = PBXFileReference; lastKnownFileType = sourcecode.c.objc; path = ViewController.m; sourceTree = "<group>"; };
		EF2C06211AA866F700F00878 /* Base */ = {isa = PBXFileReference; lastKnownFileType = file.storyboard; name = Base; path = Base.lproj/Main.storyboard; sourceTree = "<group>"; };
		EF2C06231AA866F700F00878 /* Images.xcassets */ = {isa = PBXFileReference; lastKnownFileType = folder.assetcatalog; path = Images.xcassets; sourceTree = "<group>"; };
		EF2C06261AA866F700F00878 /* Base */ = {isa = PBXFileReference; lastKnownFileType = file.xib; name = Base; path = Base.lproj/LaunchScreen.xib; sourceTree = "<group>"; };
		EF2C062C1AA866F800F00878 /* ab·stractTests.xctest */ = {isa = PBXFileReference; explicitFileType = wrapper.cfbundle; includeInIndex = 0; path = "ab·stractTests.xctest"; sourceTree = BUILT_PRODUCTS_DIR; };
		EF2C06311AA866F800F00878 /* Info.plist */ = {isa = PBXFileReference; lastKnownFileType = text.plist.xml; path = Info.plist; sourceTree = "<group>"; };
		EF2C06321AA866F800F00878 /* ab_stractTests.m */ = {isa = PBXFileReference; lastKnownFileType = sourcecode.c.objc; path = ab_stractTests.m; sourceTree = "<group>"; };
		EF65196B1AB32163004FFD53 /* about_miniatura_figura.png */ = {isa = PBXFileReference; lastKnownFileType = image.png; path = about_miniatura_figura.png; sourceTree = "<group>"; };
		EF65196C1AB32163004FFD53 /* about_triangulos.png */ = {isa = PBXFileReference; lastKnownFileType = image.png; path = about_triangulos.png; sourceTree = "<group>"; };
		EF65196D1AB32163004FFD53 /* home_figura.png */ = {isa = PBXFileReference; lastKnownFileType = image.png; path = home_figura.png; sourceTree = "<group>"; };
		EF65196E1AB32163004FFD53 /* interior_miniatura_figura_blanco.png */ = {isa = PBXFileReference; lastKnownFileType = image.png; path = interior_miniatura_figura_blanco.png; sourceTree = "<group>"; };
		EF6519741AB323A8004FFD53 /* Aurora.otf */ = {isa = PBXFileReference; lastKnownFileType = file; path = Aurora.otf; sourceTree = "<group>"; };
		EF6519761AB323BB004FFD53 /* Inconsolata.otf */ = {isa = PBXFileReference; lastKnownFileType = file; path = Inconsolata.otf; sourceTree = "<group>"; };
		EF6519791AB327FE004FFD53 /* CreditsViewController.h */ = {isa = PBXFileReference; fileEncoding = 4; lastKnownFileType = sourcecode.c.h; path = CreditsViewController.h; sourceTree = "<group>"; };
		EF65197A1AB327FE004FFD53 /* CreditsViewController.m */ = {isa = PBXFileReference; fileEncoding = 4; lastKnownFileType = sourcecode.c.objc; path = CreditsViewController.m; sourceTree = "<group>"; };
		EF6519801AB32E0C004FFD53 /* miniatura@2x.png */ = {isa = PBXFileReference; lastKnownFileType = image.png; path = "miniatura@2x.png"; sourceTree = "<group>"; };
		EF6519821AB32E4A004FFD53 /* miniatura_white@2x.png */ = {isa = PBXFileReference; lastKnownFileType = image.png; path = "miniatura_white@2x.png"; sourceTree = "<group>"; };
		EF6519841AB32EDA004FFD53 /* creditos@2x.png */ = {isa = PBXFileReference; lastKnownFileType = image.png; path = "creditos@2x.png"; sourceTree = "<group>"; };
		EF6519881AB32FE7004FFD53 /* home_figura_white.png */ = {isa = PBXFileReference; lastKnownFileType = image.png; path = home_figura_white.png; sourceTree = "<group>"; };
		EF785A5F1AB6E3FF005A8339 /* SoundEffectPlayer.h */ = {isa = PBXFileReference; fileEncoding = 4; lastKnownFileType = sourcecode.c.h; path = SoundEffectPlayer.h; sourceTree = "<group>"; };
		EF785A601AB6E3FF005A8339 /* SoundEffectPlayer.m */ = {isa = PBXFileReference; fileEncoding = 4; lastKnownFileType = sourcecode.c.objc; path = SoundEffectPlayer.m; sourceTree = "<group>"; };
		EF8A7C941AADA1FD00994771 /* RGBtoLABConverter.h */ = {isa = PBXFileReference; fileEncoding = 4; lastKnownFileType = sourcecode.c.h; name = RGBtoLABConverter.h; path = ../RGBtoLABConverter.h; sourceTree = "<group>"; };
		EF8A7C951AADA1FD00994771 /* RGBtoLABConverter.m */ = {isa = PBXFileReference; fileEncoding = 4; lastKnownFileType = sourcecode.c.objc; name = RGBtoLABConverter.m; path = ../RGBtoLABConverter.m; sourceTree = "<group>"; };
		EF8A7C981AADA60E00994771 /* images.plist */ = {isa = PBXFileReference; fileEncoding = 4; lastKnownFileType = text.plist.xml; path = images.plist; sourceTree = "<group>"; };
		EF8A7C9B1AADA63300994771 /* 885_15.jpg */ = {isa = PBXFileReference; lastKnownFileType = image.jpeg; path = 885_15.jpg; sourceTree = "<group>"; };
		EF8A7C9C1AADA63300994771 /* 1657_36.jpg */ = {isa = PBXFileReference; lastKnownFileType = image.jpeg; path = 1657_36.jpg; sourceTree = "<group>"; };
		EF8A7C9D1AADA63300994771 /* B 053 B 031.jpg */ = {isa = PBXFileReference; lastKnownFileType = image.jpeg; path = "B 053 B 031.jpg"; sourceTree = "<group>"; };
		EF8A7C9E1AADA63300994771 /* B 053 B 033.jpg */ = {isa = PBXFileReference; lastKnownFileType = image.jpeg; path = "B 053 B 033.jpg"; sourceTree = "<group>"; };
		EF8A7C9F1AADA63300994771 /* B 055 A 003.jpg */ = {isa = PBXFileReference; lastKnownFileType = image.jpeg; path = "B 055 A 003.jpg"; sourceTree = "<group>"; };
		EF8A7CA01AADA63300994771 /* B 055 A 004.jpg */ = {isa = PBXFileReference; lastKnownFileType = image.jpeg; path = "B 055 A 004.jpg"; sourceTree = "<group>"; };
		EF8A7CA11AADA63300994771 /* B 055 A 005.jpg */ = {isa = PBXFileReference; lastKnownFileType = image.jpeg; path = "B 055 A 005.jpg"; sourceTree = "<group>"; };
		EF8A7CA21AADA63300994771 /* B 055 A 034.jpg */ = {isa = PBXFileReference; lastKnownFileType = image.jpeg; path = "B 055 A 034.jpg"; sourceTree = "<group>"; };
		EF8A7CA31AADA63300994771 /* B 056 A 016.jpg */ = {isa = PBXFileReference; lastKnownFileType = image.jpeg; path = "B 056 A 016.jpg"; sourceTree = "<group>"; };
		EF8A7CA41AADA63300994771 /* B 057 A 004.jpg */ = {isa = PBXFileReference; lastKnownFileType = image.jpeg; path = "B 057 A 004.jpg"; sourceTree = "<group>"; };
		EF8A7CA51AADA63300994771 /* B 057 A 005.jpg */ = {isa = PBXFileReference; lastKnownFileType = image.jpeg; path = "B 057 A 005.jpg"; sourceTree = "<group>"; };
		EF8A7CA61AADA63300994771 /* B 058 B 030.jpg */ = {isa = PBXFileReference; lastKnownFileType = image.jpeg; path = "B 058 B 030.jpg"; sourceTree = "<group>"; };
		EF8A7CA71AADA63300994771 /* B 059 A 009.jpg */ = {isa = PBXFileReference; lastKnownFileType = image.jpeg; path = "B 059 A 009.jpg"; sourceTree = "<group>"; };
		EF8A7CA81AADA63300994771 /* B 059 A 010.jpg */ = {isa = PBXFileReference; lastKnownFileType = image.jpeg; path = "B 059 A 010.jpg"; sourceTree = "<group>"; };
		EF8A7CA91AADA63300994771 /* B 059 A 011.jpg */ = {isa = PBXFileReference; lastKnownFileType = image.jpeg; path = "B 059 A 011.jpg"; sourceTree = "<group>"; };
		EF8A7CAA1AADA63300994771 /* B 059 A 012.jpg */ = {isa = PBXFileReference; lastKnownFileType = image.jpeg; path = "B 059 A 012.jpg"; sourceTree = "<group>"; };
		EF8A7CAB1AADA63300994771 /* B 059 A 013.jpg */ = {isa = PBXFileReference; lastKnownFileType = image.jpeg; path = "B 059 A 013.jpg"; sourceTree = "<group>"; };
		EF8A7CAC1AADA63300994771 /* B 059 A 014.jpg */ = {isa = PBXFileReference; lastKnownFileType = image.jpeg; path = "B 059 A 014.jpg"; sourceTree = "<group>"; };
		EF8A7CAD1AADA63300994771 /* B 059 A 015.jpg */ = {isa = PBXFileReference; lastKnownFileType = image.jpeg; path = "B 059 A 015.jpg"; sourceTree = "<group>"; };
		EF8A7CAE1AADA63300994771 /* B 059 A 016.jpg */ = {isa = PBXFileReference; lastKnownFileType = image.jpeg; path = "B 059 A 016.jpg"; sourceTree = "<group>"; };
		EFFACC5C1AC01F9E0047C6C0 /* eter01.wav */ = {isa = PBXFileReference; lastKnownFileType = audio.wav; path = eter01.wav; sourceTree = "<group>"; };
		EFFACC5D1AC01F9E0047C6C0 /* eter02.wav */ = {isa = PBXFileReference; lastKnownFileType = audio.wav; path = eter02.wav; sourceTree = "<group>"; };
		EFFACC5E1AC01F9E0047C6C0 /* eter03.wav */ = {isa = PBXFileReference; lastKnownFileType = audio.wav; path = eter03.wav; sourceTree = "<group>"; };
		EFFACC5F1AC01F9E0047C6C0 /* eter04.wav */ = {isa = PBXFileReference; lastKnownFileType = audio.wav; path = eter04.wav; sourceTree = "<group>"; };
		EFFACC601AC01F9E0047C6C0 /* eter05.wav */ = {isa = PBXFileReference; lastKnownFileType = audio.wav; path = eter05.wav; sourceTree = "<group>"; };
		EFFACC611AC01F9E0047C6C0 /* eter06.wav */ = {isa = PBXFileReference; lastKnownFileType = audio.wav; path = eter06.wav; sourceTree = "<group>"; };
		EFFACC621AC01F9E0047C6C0 /* eter07.wav */ = {isa = PBXFileReference; lastKnownFileType = audio.wav; path = eter07.wav; sourceTree = "<group>"; };
		EFFACC631AC01F9E0047C6C0 /* eter08.wav */ = {isa = PBXFileReference; lastKnownFileType = audio.wav; path = eter08.wav; sourceTree = "<group>"; };
		EFFACC641AC01F9E0047C6C0 /* eter09.wav */ = {isa = PBXFileReference; lastKnownFileType = audio.wav; path = eter09.wav; sourceTree = "<group>"; };
		EFFACC651AC01F9E0047C6C0 /* eter10.wav */ = {isa = PBXFileReference; lastKnownFileType = audio.wav; path = eter10.wav; sourceTree = "<group>"; };
		EFFACC661AC01F9E0047C6C0 /* eter11.wav */ = {isa = PBXFileReference; lastKnownFileType = audio.wav; path = eter11.wav; sourceTree = "<group>"; };
		EFFACC671AC01F9E0047C6C0 /* eter12.wav */ = {isa = PBXFileReference; lastKnownFileType = audio.wav; path = eter12.wav; sourceTree = "<group>"; };
		EFFACC681AC01F9E0047C6C0 /* eter13.wav */ = {isa = PBXFileReference; lastKnownFileType = audio.wav; path = eter13.wav; sourceTree = "<group>"; };
		EFFACC691AC01F9E0047C6C0 /* eter14.wav */ = {isa = PBXFileReference; lastKnownFileType = audio.wav; path = eter14.wav; sourceTree = "<group>"; };
		EFFACC6A1AC01F9E0047C6C0 /* eter15.wav */ = {isa = PBXFileReference; lastKnownFileType = audio.wav; path = eter15.wav; sourceTree = "<group>"; };
/* End PBXFileReference section */

/* Begin PBXFrameworksBuildPhase section */
		EF2C06101AA866F700F00878 /* Frameworks */ = {
			isa = PBXFrameworksBuildPhase;
			buildActionMask = 2147483647;
			files = (
			);
			runOnlyForDeploymentPostprocessing = 0;
		};
		EF2C06291AA866F800F00878 /* Frameworks */ = {
			isa = PBXFrameworksBuildPhase;
			buildActionMask = 2147483647;
			files = (
			);
			runOnlyForDeploymentPostprocessing = 0;
		};
/* End PBXFrameworksBuildPhase section */

/* Begin PBXGroup section */
		EF2C060A1AA866F700F00878 = {
			isa = PBXGroup;
			children = (
				EF2C06151AA866F700F00878 /* ab·stract */,
				EF2C062F1AA866F800F00878 /* ab·stractTests */,
				EF2C06141AA866F700F00878 /* Products */,
			);
			sourceTree = "<group>";
		};
		EF2C06141AA866F700F00878 /* Products */ = {
			isa = PBXGroup;
			children = (
				EF2C06131AA866F700F00878 /* ab·stract.app */,
				EF2C062C1AA866F800F00878 /* ab·stractTests.xctest */,
			);
			name = Products;
			sourceTree = "<group>";
		};
		EF2C06151AA866F700F00878 /* ab·stract */ = {
			isa = PBXGroup;
			children = (
				EF2C061A1AA866F700F00878 /* AppDelegate.h */,
				EF2C061B1AA866F700F00878 /* AppDelegate.m */,
				EF2C061D1AA866F700F00878 /* ViewController.h */,
				EF2C061E1AA866F700F00878 /* ViewController.m */,
				EF2C06201AA866F700F00878 /* Main.storyboard */,
				EF6519791AB327FE004FFD53 /* CreditsViewController.h */,
				EF65197A1AB327FE004FFD53 /* CreditsViewController.m */,
				EF785A5F1AB6E3FF005A8339 /* SoundEffectPlayer.h */,
				EF785A601AB6E3FF005A8339 /* SoundEffectPlayer.m */,
				EF8A7C981AADA60E00994771 /* images.plist */,
				EF785A641AB6E705005A8339 /* Audios */,
				EF6519731AB32167004FFD53 /* Graphics */,
				EF6519781AB323C1004FFD53 /* Fonts */,
				EF8A7C9A1AADA61700994771 /* Images */,
				EF8A7C971AADA20900994771 /* Utils */,
				EF2C06231AA866F700F00878 /* Images.xcassets */,
				EF2C06251AA866F700F00878 /* LaunchScreen.xib */,
				EF2C06161AA866F700F00878 /* Supporting Files */,
			);
			path = "ab·stract";
			sourceTree = "<group>";
		};
		EF2C06161AA866F700F00878 /* Supporting Files */ = {
			isa = PBXGroup;
			children = (
				EF2C06171AA866F700F00878 /* Info.plist */,
				EF2C06181AA866F700F00878 /* main.m */,
			);
			name = "Supporting Files";
			sourceTree = "<group>";
		};
		EF2C062F1AA866F800F00878 /* ab·stractTests */ = {
			isa = PBXGroup;
			children = (
				EF2C06321AA866F800F00878 /* ab_stractTests.m */,
				EF2C06301AA866F800F00878 /* Supporting Files */,
			);
			path = "ab·stractTests";
			sourceTree = "<group>";
		};
		EF2C06301AA866F800F00878 /* Supporting Files */ = {
			isa = PBXGroup;
			children = (
				EF2C06311AA866F800F00878 /* Info.plist */,
			);
			name = "Supporting Files";
			sourceTree = "<group>";
		};
		EF6519731AB32167004FFD53 /* Graphics */ = {
			isa = PBXGroup;
			children = (
				EF6519801AB32E0C004FFD53 /* miniatura@2x.png */,
				EF6519821AB32E4A004FFD53 /* miniatura_white@2x.png */,
				EF65196B1AB32163004FFD53 /* about_miniatura_figura.png */,
				EF65196C1AB32163004FFD53 /* about_triangulos.png */,
				EF65196D1AB32163004FFD53 /* home_figura.png */,
				EF6519881AB32FE7004FFD53 /* home_figura_white.png */,
				EF65196E1AB32163004FFD53 /* interior_miniatura_figura_blanco.png */,
				EF6519841AB32EDA004FFD53 /* creditos@2x.png */,
			);
			name = Graphics;
			sourceTree = "<group>";
		};
		EF6519781AB323C1004FFD53 /* Fonts */ = {
			isa = PBXGroup;
			children = (
				EF6519741AB323A8004FFD53 /* Aurora.otf */,
				EF6519761AB323BB004FFD53 /* Inconsolata.otf */,
			);
			name = Fonts;
			sourceTree = "<group>";
		};
		EF785A641AB6E705005A8339 /* Audios */ = {
			isa = PBXGroup;
			children = (
				EFFACC5C1AC01F9E0047C6C0 /* eter01.wav */,
				EFFACC5D1AC01F9E0047C6C0 /* eter02.wav */,
				EFFACC5E1AC01F9E0047C6C0 /* eter03.wav */,
				EFFACC5F1AC01F9E0047C6C0 /* eter04.wav */,
				EFFACC601AC01F9E0047C6C0 /* eter05.wav */,
				EFFACC611AC01F9E0047C6C0 /* eter06.wav */,
				EFFACC621AC01F9E0047C6C0 /* eter07.wav */,
				EFFACC631AC01F9E0047C6C0 /* eter08.wav */,
				EFFACC641AC01F9E0047C6C0 /* eter09.wav */,
				EFFACC651AC01F9E0047C6C0 /* eter10.wav */,
				EFFACC661AC01F9E0047C6C0 /* eter11.wav */,
				EFFACC671AC01F9E0047C6C0 /* eter12.wav */,
				EFFACC681AC01F9E0047C6C0 /* eter13.wav */,
				EFFACC691AC01F9E0047C6C0 /* eter14.wav */,
				EFFACC6A1AC01F9E0047C6C0 /* eter15.wav */,
			);
			name = Audios;
			sourceTree = "<group>";
		};
		EF8A7C971AADA20900994771 /* Utils */ = {
			isa = PBXGroup;
			children = (
				EF8A7C941AADA1FD00994771 /* RGBtoLABConverter.h */,
				EF8A7C951AADA1FD00994771 /* RGBtoLABConverter.m */,
			);
			name = Utils;
			sourceTree = "<group>";
		};
		EF8A7C9A1AADA61700994771 /* Images */ = {
			isa = PBXGroup;
			children = (
				EF8A7C9B1AADA63300994771 /* 885_15.jpg */,
				EF8A7C9C1AADA63300994771 /* 1657_36.jpg */,
				EF8A7C9D1AADA63300994771 /* B 053 B 031.jpg */,
				EF8A7C9E1AADA63300994771 /* B 053 B 033.jpg */,
				EF8A7C9F1AADA63300994771 /* B 055 A 003.jpg */,
				EF8A7CA01AADA63300994771 /* B 055 A 004.jpg */,
				EF8A7CA11AADA63300994771 /* B 055 A 005.jpg */,
				EF8A7CA21AADA63300994771 /* B 055 A 034.jpg */,
				EF8A7CA31AADA63300994771 /* B 056 A 016.jpg */,
				EF8A7CA41AADA63300994771 /* B 057 A 004.jpg */,
				EF8A7CA51AADA63300994771 /* B 057 A 005.jpg */,
				EF8A7CA61AADA63300994771 /* B 058 B 030.jpg */,
				EF8A7CA71AADA63300994771 /* B 059 A 009.jpg */,
				EF8A7CA81AADA63300994771 /* B 059 A 010.jpg */,
				EF8A7CA91AADA63300994771 /* B 059 A 011.jpg */,
				EF8A7CAA1AADA63300994771 /* B 059 A 012.jpg */,
				EF8A7CAB1AADA63300994771 /* B 059 A 013.jpg */,
				EF8A7CAC1AADA63300994771 /* B 059 A 014.jpg */,
				EF8A7CAD1AADA63300994771 /* B 059 A 015.jpg */,
				EF8A7CAE1AADA63300994771 /* B 059 A 016.jpg */,
			);
			name = Images;
			sourceTree = "<group>";
		};
/* End PBXGroup section */

/* Begin PBXNativeTarget section */
		EF2C06121AA866F700F00878 /* ab·stract */ = {
			isa = PBXNativeTarget;
			buildConfigurationList = EF2C06361AA866F800F00878 /* Build configuration list for PBXNativeTarget "ab·stract" */;
			buildPhases = (
				EF2C060F1AA866F700F00878 /* Sources */,
				EF2C06101AA866F700F00878 /* Frameworks */,
				EF2C06111AA866F700F00878 /* Resources */,
			);
			buildRules = (
			);
			dependencies = (
			);
			name = "ab·stract";
			productName = "ab·stract";
			productReference = EF2C06131AA866F700F00878 /* ab·stract.app */;
			productType = "com.apple.product-type.application";
		};
		EF2C062B1AA866F800F00878 /* ab·stractTests */ = {
			isa = PBXNativeTarget;
			buildConfigurationList = EF2C06391AA866F800F00878 /* Build configuration list for PBXNativeTarget "ab·stractTests" */;
			buildPhases = (
				EF2C06281AA866F800F00878 /* Sources */,
				EF2C06291AA866F800F00878 /* Frameworks */,
				EF2C062A1AA866F800F00878 /* Resources */,
			);
			buildRules = (
			);
			dependencies = (
				EF2C062E1AA866F800F00878 /* PBXTargetDependency */,
			);
			name = "ab·stractTests";
			productName = "ab·stractTests";
			productReference = EF2C062C1AA866F800F00878 /* ab·stractTests.xctest */;
			productType = "com.apple.product-type.bundle.unit-test";
		};
/* End PBXNativeTarget section */

/* Begin PBXProject section */
		EF2C060B1AA866F700F00878 /* Project object */ = {
			isa = PBXProject;
			attributes = {
				LastUpgradeCheck = 0610;
				ORGANIZATIONNAME = "Espadaysantacruz Studio";
				TargetAttributes = {
					EF2C06121AA866F700F00878 = {
						CreatedOnToolsVersion = 6.1.1;
						DevelopmentTeam = 83ZSEYKL4K;
					};
					EF2C062B1AA866F800F00878 = {
						CreatedOnToolsVersion = 6.1.1;
						TestTargetID = EF2C06121AA866F700F00878;
					};
				};
			};
			buildConfigurationList = EF2C060E1AA866F700F00878 /* Build configuration list for PBXProject "ab·stract" */;
			compatibilityVersion = "Xcode 3.2";
			developmentRegion = English;
			hasScannedForEncodings = 0;
			knownRegions = (
				en,
				Base,
			);
			mainGroup = EF2C060A1AA866F700F00878;
			productRefGroup = EF2C06141AA866F700F00878 /* Products */;
			projectDirPath = "";
			projectRoot = "";
			targets = (
				EF2C06121AA866F700F00878 /* ab·stract */,
				EF2C062B1AA866F800F00878 /* ab·stractTests */,
			);
		};
/* End PBXProject section */

/* Begin PBXResourcesBuildPhase section */
		EF2C06111AA866F700F00878 /* Resources */ = {
			isa = PBXResourcesBuildPhase;
			buildActionMask = 2147483647;
			files = (
				EF8A7CC11AADA63300994771 /* B 059 A 015.jpg in Resources */,
				EFFACC711AC01F9E0047C6C0 /* eter07.wav in Resources */,
				EFFACC731AC01F9E0047C6C0 /* eter09.wav in Resources */,
				EFFACC751AC01F9E0047C6C0 /* eter11.wav in Resources */,
				EF6519851AB32EDA004FFD53 /* creditos@2x.png in Resources */,
				EF8A7CB21AADA63300994771 /* B 053 B 033.jpg in Resources */,
				EF8A7CBB1AADA63300994771 /* B 059 A 009.jpg in Resources */,
				EF6519701AB32163004FFD53 /* about_triangulos.png in Resources */,
				EF8A7CBE1AADA63300994771 /* B 059 A 012.jpg in Resources */,
				EF8A7CBD1AADA63300994771 /* B 059 A 011.jpg in Resources */,
				EF8A7CB11AADA63300994771 /* B 053 B 031.jpg in Resources */,
				EF8A7CBA1AADA63300994771 /* B 058 B 030.jpg in Resources */,
				EF8A7C991AADA60E00994771 /* images.plist in Resources */,
				EF8A7CB81AADA63300994771 /* B 057 A 004.jpg in Resources */,
				EF8A7CB71AADA63300994771 /* B 056 A 016.jpg in Resources */,
				EF8A7CB01AADA63300994771 /* 1657_36.jpg in Resources */,
				EFFACC6D1AC01F9E0047C6C0 /* eter03.wav in Resources */,
				EFFACC6B1AC01F9E0047C6C0 /* eter01.wav in Resources */,
				EF8A7CBF1AADA63300994771 /* B 059 A 013.jpg in Resources */,
				EFFACC6F1AC01F9E0047C6C0 /* eter05.wav in Resources */,
				EF2C06221AA866F700F00878 /* Main.storyboard in Resources */,
				EF6519751AB323A8004FFD53 /* Aurora.otf in Resources */,
				EF2C06271AA866F700F00878 /* LaunchScreen.xib in Resources */,
				EF6519831AB32E4A004FFD53 /* miniatura_white@2x.png in Resources */,
				EF6519891AB32FE7004FFD53 /* home_figura_white.png in Resources */,
				EFFACC791AC01F9E0047C6C0 /* eter15.wav in Resources */,
				EF65196F1AB32163004FFD53 /* about_miniatura_figura.png in Resources */,
				EF8A7CB61AADA63300994771 /* B 055 A 034.jpg in Resources */,
				EFFACC781AC01F9E0047C6C0 /* eter14.wav in Resources */,
				EF8A7CC01AADA63300994771 /* B 059 A 014.jpg in Resources */,
				EF8A7CB31AADA63300994771 /* B 055 A 003.jpg in Resources */,
				EF6519721AB32163004FFD53 /* interior_miniatura_figura_blanco.png in Resources */,
				EF8A7CB91AADA63300994771 /* B 057 A 005.jpg in Resources */,
				EFFACC761AC01F9E0047C6C0 /* eter12.wav in Resources */,
				EFFACC701AC01F9E0047C6C0 /* eter06.wav in Resources */,
				EF6519811AB32E0C004FFD53 /* miniatura@2x.png in Resources */,
				EF8A7CB51AADA63300994771 /* B 055 A 005.jpg in Resources */,
				EFFACC771AC01F9E0047C6C0 /* eter13.wav in Resources */,
				EFFACC6C1AC01F9E0047C6C0 /* eter02.wav in Resources */,
				EF6519771AB323BB004FFD53 /* Inconsolata.otf in Resources */,
				EFFACC721AC01F9E0047C6C0 /* eter08.wav in Resources */,
				EF6519711AB32163004FFD53 /* home_figura.png in Resources */,
				EFFACC6E1AC01F9E0047C6C0 /* eter04.wav in Resources */,
				EF2C06241AA866F700F00878 /* Images.xcassets in Resources */,
				EFFACC741AC01F9E0047C6C0 /* eter10.wav in Resources */,
				EF8A7CAF1AADA63300994771 /* 885_15.jpg in Resources */,
				EF8A7CBC1AADA63300994771 /* B 059 A 010.jpg in Resources */,
				EF8A7CC21AADA63300994771 /* B 059 A 016.jpg in Resources */,
				EF8A7CB41AADA63300994771 /* B 055 A 004.jpg in Resources */,
			);
			runOnlyForDeploymentPostprocessing = 0;
		};
		EF2C062A1AA866F800F00878 /* Resources */ = {
			isa = PBXResourcesBuildPhase;
			buildActionMask = 2147483647;
			files = (
			);
			runOnlyForDeploymentPostprocessing = 0;
		};
/* End PBXResourcesBuildPhase section */

/* Begin PBXSourcesBuildPhase section */
		EF2C060F1AA866F700F00878 /* Sources */ = {
			isa = PBXSourcesBuildPhase;
			buildActionMask = 2147483647;
			files = (
				EF2C061F1AA866F700F00878 /* ViewController.m in Sources */,
				EF65197B1AB327FE004FFD53 /* CreditsViewController.m in Sources */,
				EF2C061C1AA866F700F00878 /* AppDelegate.m in Sources */,
				EF785A611AB6E3FF005A8339 /* SoundEffectPlayer.m in Sources */,
				EF2C06191AA866F700F00878 /* main.m in Sources */,
				EF8A7C961AADA1FD00994771 /* RGBtoLABConverter.m in Sources */,
			);
			runOnlyForDeploymentPostprocessing = 0;
		};
		EF2C06281AA866F800F00878 /* Sources */ = {
			isa = PBXSourcesBuildPhase;
			buildActionMask = 2147483647;
			files = (
				EF2C06331AA866F800F00878 /* ab_stractTests.m in Sources */,
			);
			runOnlyForDeploymentPostprocessing = 0;
		};
/* End PBXSourcesBuildPhase section */

/* Begin PBXTargetDependency section */
		EF2C062E1AA866F800F00878 /* PBXTargetDependency */ = {
			isa = PBXTargetDependency;
			target = EF2C06121AA866F700F00878 /* ab·stract */;
			targetProxy = EF2C062D1AA866F800F00878 /* PBXContainerItemProxy */;
		};
/* End PBXTargetDependency section */

/* Begin PBXVariantGroup section */
		EF2C06201AA866F700F00878 /* Main.storyboard */ = {
			isa = PBXVariantGroup;
			children = (
				EF2C06211AA866F700F00878 /* Base */,
			);
			name = Main.storyboard;
			sourceTree = "<group>";
		};
		EF2C06251AA866F700F00878 /* LaunchScreen.xib */ = {
			isa = PBXVariantGroup;
			children = (
				EF2C06261AA866F700F00878 /* Base */,
			);
			name = LaunchScreen.xib;
			sourceTree = "<group>";
		};
/* End PBXVariantGroup section */

/* Begin XCBuildConfiguration section */
		EF2C06341AA866F800F00878 /* Debug */ = {
			isa = XCBuildConfiguration;
			buildSettings = {
				ALWAYS_SEARCH_USER_PATHS = NO;
				CLANG_CXX_LANGUAGE_STANDARD = "gnu++0x";
				CLANG_CXX_LIBRARY = "libc++";
				CLANG_ENABLE_MODULES = YES;
				CLANG_ENABLE_OBJC_ARC = YES;
				CLANG_WARN_BOOL_CONVERSION = YES;
				CLANG_WARN_CONSTANT_CONVERSION = YES;
				CLANG_WARN_DIRECT_OBJC_ISA_USAGE = YES_ERROR;
				CLANG_WARN_EMPTY_BODY = YES;
				CLANG_WARN_ENUM_CONVERSION = YES;
				CLANG_WARN_INT_CONVERSION = YES;
				CLANG_WARN_OBJC_ROOT_CLASS = YES_ERROR;
				CLANG_WARN_UNREACHABLE_CODE = YES;
				CLANG_WARN__DUPLICATE_METHOD_MATCH = YES;
				"CODE_SIGN_IDENTITY[sdk=iphoneos*]" = "iPhone Developer";
				COPY_PHASE_STRIP = NO;
				ENABLE_STRICT_OBJC_MSGSEND = YES;
				GCC_C_LANGUAGE_STANDARD = gnu99;
				GCC_DYNAMIC_NO_PIC = NO;
				GCC_OPTIMIZATION_LEVEL = 0;
				GCC_PREPROCESSOR_DEFINITIONS = (
					"DEBUG=1",
					"$(inherited)",
				);
				GCC_SYMBOLS_PRIVATE_EXTERN = NO;
				GCC_WARN_64_TO_32_BIT_CONVERSION = YES;
				GCC_WARN_ABOUT_RETURN_TYPE = YES_ERROR;
				GCC_WARN_UNDECLARED_SELECTOR = YES;
				GCC_WARN_UNINITIALIZED_AUTOS = YES_AGGRESSIVE;
				GCC_WARN_UNUSED_FUNCTION = YES;
				GCC_WARN_UNUSED_VARIABLE = YES;
				IPHONEOS_DEPLOYMENT_TARGET = 8.1;
				MTL_ENABLE_DEBUG_INFO = YES;
				ONLY_ACTIVE_ARCH = YES;
				SDKROOT = iphoneos;
				TARGETED_DEVICE_FAMILY = 2;
			};
			name = Debug;
		};
		EF2C06351AA866F800F00878 /* Release */ = {
			isa = XCBuildConfiguration;
			buildSettings = {
				ALWAYS_SEARCH_USER_PATHS = NO;
				CLANG_CXX_LANGUAGE_STANDARD = "gnu++0x";
				CLANG_CXX_LIBRARY = "libc++";
				CLANG_ENABLE_MODULES = YES;
				CLANG_ENABLE_OBJC_ARC = YES;
				CLANG_WARN_BOOL_CONVERSION = YES;
				CLANG_WARN_CONSTANT_CONVERSION = YES;
				CLANG_WARN_DIRECT_OBJC_ISA_USAGE = YES_ERROR;
				CLANG_WARN_EMPTY_BODY = YES;
				CLANG_WARN_ENUM_CONVERSION = YES;
				CLANG_WARN_INT_CONVERSION = YES;
				CLANG_WARN_OBJC_ROOT_CLASS = YES_ERROR;
				CLANG_WARN_UNREACHABLE_CODE = YES;
				CLANG_WARN__DUPLICATE_METHOD_MATCH = YES;
				"CODE_SIGN_IDENTITY[sdk=iphoneos*]" = "iPhone Developer";
				COPY_PHASE_STRIP = YES;
				ENABLE_NS_ASSERTIONS = NO;
				ENABLE_STRICT_OBJC_MSGSEND = YES;
				GCC_C_LANGUAGE_STANDARD = gnu99;
				GCC_WARN_64_TO_32_BIT_CONVERSION = YES;
				GCC_WARN_ABOUT_RETURN_TYPE = YES_ERROR;
				GCC_WARN_UNDECLARED_SELECTOR = YES;
				GCC_WARN_UNINITIALIZED_AUTOS = YES_AGGRESSIVE;
				GCC_WARN_UNUSED_FUNCTION = YES;
				GCC_WARN_UNUSED_VARIABLE = YES;
				IPHONEOS_DEPLOYMENT_TARGET = 8.1;
				MTL_ENABLE_DEBUG_INFO = NO;
				SDKROOT = iphoneos;
				TARGETED_DEVICE_FAMILY = 2;
				VALIDATE_PRODUCT = YES;
			};
			name = Release;
		};
		EF2C06371AA866F800F00878 /* Debug */ = {
			isa = XCBuildConfiguration;
			buildSettings = {
				ASSETCATALOG_COMPILER_APPICON_NAME = AppIcon;
				CODE_SIGN_IDENTITY = "";
				"CODE_SIGN_IDENTITY[sdk=iphoneos*]" = "";
				INFOPLIST_FILE = "ab·stract/Info.plist";
				LD_RUNPATH_SEARCH_PATHS = "$(inherited) @executable_path/Frameworks";
				PRODUCT_NAME = "$(TARGET_NAME)";
				PROVISIONING_PROFILE = "82d33033-aeeb-4748-a2b1-77ebaf22f9ca";
			};
			name = Debug;
		};
		EF2C06381AA866F800F00878 /* Release */ = {
			isa = XCBuildConfiguration;
			buildSettings = {
				ASSETCATALOG_COMPILER_APPICON_NAME = AppIcon;
				CODE_SIGN_IDENTITY = "";
				"CODE_SIGN_IDENTITY[sdk=iphoneos*]" = "";
				INFOPLIST_FILE = "ab·stract/Info.plist";
				LD_RUNPATH_SEARCH_PATHS = "$(inherited) @executable_path/Frameworks";
				PRODUCT_NAME = "$(TARGET_NAME)";
				PROVISIONING_PROFILE = "82d33033-aeeb-4748-a2b1-77ebaf22f9ca";
			};
			name = Release;
		};
		EF2C063A1AA866F800F00878 /* Debug */ = {
			isa = XCBuildConfiguration;
			buildSettings = {
				BUNDLE_LOADER = "$(TEST_HOST)";
				FRAMEWORK_SEARCH_PATHS = (
					"$(SDKROOT)/Developer/Library/Frameworks",
					"$(inherited)",
				);
				GCC_PREPROCESSOR_DEFINITIONS = (
					"DEBUG=1",
					"$(inherited)",
				);
				INFOPLIST_FILE = "ab·stractTests/Info.plist";
				LD_RUNPATH_SEARCH_PATHS = "$(inherited) @executable_path/Frameworks @loader_path/Frameworks";
				PRODUCT_NAME = "$(TARGET_NAME)";
				TEST_HOST = "$(BUILT_PRODUCTS_DIR)/ab·stract.app/ab·stract";
			};
			name = Debug;
		};
		EF2C063B1AA866F800F00878 /* Release */ = {
			isa = XCBuildConfiguration;
			buildSettings = {
				BUNDLE_LOADER = "$(TEST_HOST)";
				FRAMEWORK_SEARCH_PATHS = (
					"$(SDKROOT)/Developer/Library/Frameworks",
					"$(inherited)",
				);
				INFOPLIST_FILE = "ab·stractTests/Info.plist";
				LD_RUNPATH_SEARCH_PATHS = "$(inherited) @executable_path/Frameworks @loader_path/Frameworks";
				PRODUCT_NAME = "$(TARGET_NAME)";
				TEST_HOST = "$(BUILT_PRODUCTS_DIR)/ab·stract.app/ab·stract";
			};
			name = Release;
		};
/* End XCBuildConfiguration section */

/* Begin XCConfigurationList section */
		EF2C060E1AA866F700F00878 /* Build configuration list for PBXProject "ab·stract" */ = {
			isa = XCConfigurationList;
			buildConfigurations = (
				EF2C06341AA866F800F00878 /* Debug */,
				EF2C06351AA866F800F00878 /* Release */,
			);
			defaultConfigurationIsVisible = 0;
			defaultConfigurationName = Release;
		};
		EF2C06361AA866F800F00878 /* Build configuration list for PBXNativeTarget "ab·stract" */ = {
			isa = XCConfigurationList;
			buildConfigurations = (
				EF2C06371AA866F800F00878 /* Debug */,
				EF2C06381AA866F800F00878 /* Release */,
			);
			defaultConfigurationIsVisible = 0;
			defaultConfigurationName = Release;
		};
		EF2C06391AA866F800F00878 /* Build configuration list for PBXNativeTarget "ab·stractTests" */ = {
			isa = XCConfigurationList;
			buildConfigurations = (
				EF2C063A1AA866F800F00878 /* Debug */,
				EF2C063B1AA866F800F00878 /* Release */,
			);
			defaultConfigurationIsVisible = 0;
			defaultConfigurationName = Release;
		};
/* End XCConfigurationList section */
	};
	rootObject = EF2C060B1AA866F700F00878 /* Project object */;
}
